// !$*UTF8*$!
{
	archiveVersion = 1;
	classes = {
	};
	objectVersion = 48;
	objects = {

/* Begin PBXBuildFile section */
		5D65ADB82816C925ECAE21C2 /* Pods_CelebrityLookAlikeDemo.framework in Frameworks */ = {isa = PBXBuildFile; fileRef = 7258BE744C1BCB788AB537D7 /* Pods_CelebrityLookAlikeDemo.framework */; };
		B035951B200853A30003ED9B /* SightEngine.swift in Sources */ = {isa = PBXBuildFile; fileRef = B035951A200853A30003ED9B /* SightEngine.swift */; };
		B0794EE2200837FF00D172B3 /* AppDelegate.swift in Sources */ = {isa = PBXBuildFile; fileRef = B0794EE1200837FF00D172B3 /* AppDelegate.swift */; };
		B0794EE4200837FF00D172B3 /* ViewController.swift in Sources */ = {isa = PBXBuildFile; fileRef = B0794EE3200837FF00D172B3 /* ViewController.swift */; };
		B0794EE7200837FF00D172B3 /* Main.storyboard in Resources */ = {isa = PBXBuildFile; fileRef = B0794EE5200837FF00D172B3 /* Main.storyboard */; };
		B0794EEA200837FF00D172B3 /* CelebrityLookAlikeDemo.xcdatamodeld in Sources */ = {isa = PBXBuildFile; fileRef = B0794EE8200837FF00D172B3 /* CelebrityLookAlikeDemo.xcdatamodeld */; };
		B0794EEC200837FF00D172B3 /* Assets.xcassets in Resources */ = {isa = PBXBuildFile; fileRef = B0794EEB200837FF00D172B3 /* Assets.xcassets */; };
		B0794EEF200837FF00D172B3 /* LaunchScreen.storyboard in Resources */ = {isa = PBXBuildFile; fileRef = B0794EED200837FF00D172B3 /* LaunchScreen.storyboard */; };
		B0794EFA200837FF00D172B3 /* CelebrityLookAlikeDemoTests.swift in Sources */ = {isa = PBXBuildFile; fileRef = B0794EF9200837FF00D172B3 /* CelebrityLookAlikeDemoTests.swift */; };
		B0794F05200837FF00D172B3 /* CelebrityLookAlikeDemoUITests.swift in Sources */ = {isa = PBXBuildFile; fileRef = B0794F04200837FF00D172B3 /* CelebrityLookAlikeDemoUITests.swift */; };
		B0794F1320083BE300D172B3 /* ImageSearch.swift in Sources */ = {isa = PBXBuildFile; fileRef = B0794F1220083BE300D172B3 /* ImageSearch.swift */; };
		B0794F15200846E600D172B3 /* Constants.swift in Sources */ = {isa = PBXBuildFile; fileRef = B0794F14200846E600D172B3 /* Constants.swift */; };
		B090870420093DFD008A8CA0 /* CelebrityTableViewCell.swift in Sources */ = {isa = PBXBuildFile; fileRef = B090870320093DFD008A8CA0 /* CelebrityTableViewCell.swift */; };
		B090870B2009488A008A8CA0 /* DetailsViewController.swift in Sources */ = {isa = PBXBuildFile; fileRef = B090870A2009488A008A8CA0 /* DetailsViewController.swift */; };
		C23F5C0BE8BB2299FCF4033B /* Pods_CelebrityLookAlikeDemoTests.framework in Frameworks */ = {isa = PBXBuildFile; fileRef = 275A980BEB82F1F71ED4745A /* Pods_CelebrityLookAlikeDemoTests.framework */; };
		EB8A02323A7BF7CCDB58A0E2 /* Pods_CelebrityLookAlikeDemoUITests.framework in Frameworks */ = {isa = PBXBuildFile; fileRef = EF059DF152FDED194DE434B3 /* Pods_CelebrityLookAlikeDemoUITests.framework */; };
/* End PBXBuildFile section */

/* Begin PBXContainerItemProxy section */
		B0794EF6200837FF00D172B3 /* PBXContainerItemProxy */ = {
			isa = PBXContainerItemProxy;
			containerPortal = B0794ED6200837FF00D172B3 /* Project object */;
			proxyType = 1;
			remoteGlobalIDString = B0794EDD200837FF00D172B3;
			remoteInfo = CelebrityLookAlikeDemo;
		};
		B0794F01200837FF00D172B3 /* PBXContainerItemProxy */ = {
			isa = PBXContainerItemProxy;
			containerPortal = B0794ED6200837FF00D172B3 /* Project object */;
			proxyType = 1;
			remoteGlobalIDString = B0794EDD200837FF00D172B3;
			remoteInfo = CelebrityLookAlikeDemo;
		};
/* End PBXContainerItemProxy section */

/* Begin PBXFileReference section */
		08E5461897EA08D6A2A9B8BE /* Pods-CelebrityLookAlikeDemoTests.release.xcconfig */ = {isa = PBXFileReference; includeInIndex = 1; lastKnownFileType = text.xcconfig; name = "Pods-CelebrityLookAlikeDemoTests.release.xcconfig"; path = "Pods/Target Support Files/Pods-CelebrityLookAlikeDemoTests/Pods-CelebrityLookAlikeDemoTests.release.xcconfig"; sourceTree = "<group>"; };
		11A670F38F83EBC4779F277A /* Pods-CelebrityLookAlikeDemoUITests.release.xcconfig */ = {isa = PBXFileReference; includeInIndex = 1; lastKnownFileType = text.xcconfig; name = "Pods-CelebrityLookAlikeDemoUITests.release.xcconfig"; path = "Pods/Target Support Files/Pods-CelebrityLookAlikeDemoUITests/Pods-CelebrityLookAlikeDemoUITests.release.xcconfig"; sourceTree = "<group>"; };
		275A980BEB82F1F71ED4745A /* Pods_CelebrityLookAlikeDemoTests.framework */ = {isa = PBXFileReference; explicitFileType = wrapper.framework; includeInIndex = 0; path = Pods_CelebrityLookAlikeDemoTests.framework; sourceTree = BUILT_PRODUCTS_DIR; };
		6FF21D936CDACEEBB30880BE /* Pods-CelebrityLookAlikeDemo.release.xcconfig */ = {isa = PBXFileReference; includeInIndex = 1; lastKnownFileType = text.xcconfig; name = "Pods-CelebrityLookAlikeDemo.release.xcconfig"; path = "Pods/Target Support Files/Pods-CelebrityLookAlikeDemo/Pods-CelebrityLookAlikeDemo.release.xcconfig"; sourceTree = "<group>"; };
		7258BE744C1BCB788AB537D7 /* Pods_CelebrityLookAlikeDemo.framework */ = {isa = PBXFileReference; explicitFileType = wrapper.framework; includeInIndex = 0; path = Pods_CelebrityLookAlikeDemo.framework; sourceTree = BUILT_PRODUCTS_DIR; };
		8B2116E30A74F4B648145F6A /* Pods-CelebrityLookAlikeDemo.debug.xcconfig */ = {isa = PBXFileReference; includeInIndex = 1; lastKnownFileType = text.xcconfig; name = "Pods-CelebrityLookAlikeDemo.debug.xcconfig"; path = "Pods/Target Support Files/Pods-CelebrityLookAlikeDemo/Pods-CelebrityLookAlikeDemo.debug.xcconfig"; sourceTree = "<group>"; };
		AEE46182053BB3F1B8B84D7B /* Pods-CelebrityLookAlikeDemoUITests.debug.xcconfig */ = {isa = PBXFileReference; includeInIndex = 1; lastKnownFileType = text.xcconfig; name = "Pods-CelebrityLookAlikeDemoUITests.debug.xcconfig"; path = "Pods/Target Support Files/Pods-CelebrityLookAlikeDemoUITests/Pods-CelebrityLookAlikeDemoUITests.debug.xcconfig"; sourceTree = "<group>"; };
		B035951A200853A30003ED9B /* SightEngine.swift */ = {isa = PBXFileReference; lastKnownFileType = sourcecode.swift; path = SightEngine.swift; sourceTree = "<group>"; };
		B0794EDE200837FF00D172B3 /* CelebrityLookAlikeDemo.app */ = {isa = PBXFileReference; explicitFileType = wrapper.application; includeInIndex = 0; path = CelebrityLookAlikeDemo.app; sourceTree = BUILT_PRODUCTS_DIR; };
		B0794EE1200837FF00D172B3 /* AppDelegate.swift */ = {isa = PBXFileReference; lastKnownFileType = sourcecode.swift; path = AppDelegate.swift; sourceTree = "<group>"; };
		B0794EE3200837FF00D172B3 /* ViewController.swift */ = {isa = PBXFileReference; lastKnownFileType = sourcecode.swift; path = ViewController.swift; sourceTree = "<group>"; };
		B0794EE6200837FF00D172B3 /* Base */ = {isa = PBXFileReference; lastKnownFileType = file.storyboard; name = Base; path = Base.lproj/Main.storyboard; sourceTree = "<group>"; };
		B0794EE9200837FF00D172B3 /* CelebrityLookAlikeDemo.xcdatamodel */ = {isa = PBXFileReference; lastKnownFileType = wrapper.xcdatamodel; path = CelebrityLookAlikeDemo.xcdatamodel; sourceTree = "<group>"; };
		B0794EEB200837FF00D172B3 /* Assets.xcassets */ = {isa = PBXFileReference; lastKnownFileType = folder.assetcatalog; path = Assets.xcassets; sourceTree = "<group>"; };
		B0794EEE200837FF00D172B3 /* Base */ = {isa = PBXFileReference; lastKnownFileType = file.storyboard; name = Base; path = Base.lproj/LaunchScreen.storyboard; sourceTree = "<group>"; };
		B0794EF0200837FF00D172B3 /* Info.plist */ = {isa = PBXFileReference; lastKnownFileType = text.plist.xml; path = Info.plist; sourceTree = "<group>"; };
		B0794EF5200837FF00D172B3 /* CelebrityLookAlikeDemoTests.xctest */ = {isa = PBXFileReference; explicitFileType = wrapper.cfbundle; includeInIndex = 0; path = CelebrityLookAlikeDemoTests.xctest; sourceTree = BUILT_PRODUCTS_DIR; };
		B0794EF9200837FF00D172B3 /* CelebrityLookAlikeDemoTests.swift */ = {isa = PBXFileReference; lastKnownFileType = sourcecode.swift; path = CelebrityLookAlikeDemoTests.swift; sourceTree = "<group>"; };
		B0794EFB200837FF00D172B3 /* Info.plist */ = {isa = PBXFileReference; lastKnownFileType = text.plist.xml; path = Info.plist; sourceTree = "<group>"; };
		B0794F00200837FF00D172B3 /* CelebrityLookAlikeDemoUITests.xctest */ = {isa = PBXFileReference; explicitFileType = wrapper.cfbundle; includeInIndex = 0; path = CelebrityLookAlikeDemoUITests.xctest; sourceTree = BUILT_PRODUCTS_DIR; };
		B0794F04200837FF00D172B3 /* CelebrityLookAlikeDemoUITests.swift */ = {isa = PBXFileReference; lastKnownFileType = sourcecode.swift; path = CelebrityLookAlikeDemoUITests.swift; sourceTree = "<group>"; };
		B0794F06200837FF00D172B3 /* Info.plist */ = {isa = PBXFileReference; lastKnownFileType = text.plist.xml; path = Info.plist; sourceTree = "<group>"; };
		B0794F1220083BE300D172B3 /* ImageSearch.swift */ = {isa = PBXFileReference; lastKnownFileType = sourcecode.swift; path = ImageSearch.swift; sourceTree = "<group>"; };
		B0794F14200846E600D172B3 /* Constants.swift */ = {isa = PBXFileReference; lastKnownFileType = sourcecode.swift; path = Constants.swift; sourceTree = "<group>"; };
		B090870320093DFD008A8CA0 /* CelebrityTableViewCell.swift */ = {isa = PBXFileReference; lastKnownFileType = sourcecode.swift; path = CelebrityTableViewCell.swift; sourceTree = "<group>"; };
		B090870A2009488A008A8CA0 /* DetailsViewController.swift */ = {isa = PBXFileReference; lastKnownFileType = sourcecode.swift; path = DetailsViewController.swift; sourceTree = "<group>"; };
		DDE19889DCE86E2964DE9428 /* Pods-CelebrityLookAlikeDemoTests.debug.xcconfig */ = {isa = PBXFileReference; includeInIndex = 1; lastKnownFileType = text.xcconfig; name = "Pods-CelebrityLookAlikeDemoTests.debug.xcconfig"; path = "Pods/Target Support Files/Pods-CelebrityLookAlikeDemoTests/Pods-CelebrityLookAlikeDemoTests.debug.xcconfig"; sourceTree = "<group>"; };
		EF059DF152FDED194DE434B3 /* Pods_CelebrityLookAlikeDemoUITests.framework */ = {isa = PBXFileReference; explicitFileType = wrapper.framework; includeInIndex = 0; path = Pods_CelebrityLookAlikeDemoUITests.framework; sourceTree = BUILT_PRODUCTS_DIR; };
/* End PBXFileReference section */

/* Begin PBXFrameworksBuildPhase section */
		B0794EDB200837FF00D172B3 /* Frameworks */ = {
			isa = PBXFrameworksBuildPhase;
			buildActionMask = 2147483647;
			files = (
				5D65ADB82816C925ECAE21C2 /* Pods_CelebrityLookAlikeDemo.framework in Frameworks */,
			);
			runOnlyForDeploymentPostprocessing = 0;
		};
		B0794EF2200837FF00D172B3 /* Frameworks */ = {
			isa = PBXFrameworksBuildPhase;
			buildActionMask = 2147483647;
			files = (
				C23F5C0BE8BB2299FCF4033B /* Pods_CelebrityLookAlikeDemoTests.framework in Frameworks */,
			);
			runOnlyForDeploymentPostprocessing = 0;
		};
		B0794EFD200837FF00D172B3 /* Frameworks */ = {
			isa = PBXFrameworksBuildPhase;
			buildActionMask = 2147483647;
			files = (
				EB8A02323A7BF7CCDB58A0E2 /* Pods_CelebrityLookAlikeDemoUITests.framework in Frameworks */,
			);
			runOnlyForDeploymentPostprocessing = 0;
		};
/* End PBXFrameworksBuildPhase section */

/* Begin PBXGroup section */
		589A472E47378A84B5BBF43A /* Pods */ = {
			isa = PBXGroup;
			children = (
				8B2116E30A74F4B648145F6A /* Pods-CelebrityLookAlikeDemo.debug.xcconfig */,
				6FF21D936CDACEEBB30880BE /* Pods-CelebrityLookAlikeDemo.release.xcconfig */,
				DDE19889DCE86E2964DE9428 /* Pods-CelebrityLookAlikeDemoTests.debug.xcconfig */,
				08E5461897EA08D6A2A9B8BE /* Pods-CelebrityLookAlikeDemoTests.release.xcconfig */,
				AEE46182053BB3F1B8B84D7B /* Pods-CelebrityLookAlikeDemoUITests.debug.xcconfig */,
				11A670F38F83EBC4779F277A /* Pods-CelebrityLookAlikeDemoUITests.release.xcconfig */,
			);
			name = Pods;
			sourceTree = "<group>";
		};
		7C04460103E4412081D8A1AB /* Frameworks */ = {
			isa = PBXGroup;
			children = (
				7258BE744C1BCB788AB537D7 /* Pods_CelebrityLookAlikeDemo.framework */,
				275A980BEB82F1F71ED4745A /* Pods_CelebrityLookAlikeDemoTests.framework */,
				EF059DF152FDED194DE434B3 /* Pods_CelebrityLookAlikeDemoUITests.framework */,
			);
			name = Frameworks;
			sourceTree = "<group>";
		};
		B0794ED5200837FF00D172B3 = {
			isa = PBXGroup;
			children = (
				B0794EE0200837FF00D172B3 /* CelebrityLookAlikeDemo */,
				B0794EF8200837FF00D172B3 /* CelebrityLookAlikeDemoTests */,
				B0794F03200837FF00D172B3 /* CelebrityLookAlikeDemoUITests */,
				B0794EDF200837FF00D172B3 /* Products */,
				589A472E47378A84B5BBF43A /* Pods */,
				7C04460103E4412081D8A1AB /* Frameworks */,
			);
			sourceTree = "<group>";
		};
		B0794EDF200837FF00D172B3 /* Products */ = {
			isa = PBXGroup;
			children = (
				B0794EDE200837FF00D172B3 /* CelebrityLookAlikeDemo.app */,
				B0794EF5200837FF00D172B3 /* CelebrityLookAlikeDemoTests.xctest */,
				B0794F00200837FF00D172B3 /* CelebrityLookAlikeDemoUITests.xctest */,
			);
			name = Products;
			sourceTree = "<group>";
		};
		B0794EE0200837FF00D172B3 /* CelebrityLookAlikeDemo */ = {
			isa = PBXGroup;
			children = (
				B090870920093E74008A8CA0 /* Singletons */,
				B090870820093E5C008A8CA0 /* Helpers */,
				B090870720093E49008A8CA0 /* APIs */,
				B090870620093E3E008A8CA0 /* Views */,
				B090870520093E35008A8CA0 /* Controllers */,
				B0794EEB200837FF00D172B3 /* Assets.xcassets */,
				B0794EF0200837FF00D172B3 /* Info.plist */,
				B0794EE8200837FF00D172B3 /* CelebrityLookAlikeDemo.xcdatamodeld */,
			);
			path = CelebrityLookAlikeDemo;
			sourceTree = "<group>";
		};
		B0794EF8200837FF00D172B3 /* CelebrityLookAlikeDemoTests */ = {
			isa = PBXGroup;
			children = (
				B0794EF9200837FF00D172B3 /* CelebrityLookAlikeDemoTests.swift */,
				B0794EFB200837FF00D172B3 /* Info.plist */,
			);
			path = CelebrityLookAlikeDemoTests;
			sourceTree = "<group>";
		};
		B0794F03200837FF00D172B3 /* CelebrityLookAlikeDemoUITests */ = {
			isa = PBXGroup;
			children = (
				B0794F04200837FF00D172B3 /* CelebrityLookAlikeDemoUITests.swift */,
				B0794F06200837FF00D172B3 /* Info.plist */,
			);
			path = CelebrityLookAlikeDemoUITests;
			sourceTree = "<group>";
		};
		B090870520093E35008A8CA0 /* Controllers */ = {
			isa = PBXGroup;
			children = (
				B0794EE3200837FF00D172B3 /* ViewController.swift */,
				B090870A2009488A008A8CA0 /* DetailsViewController.swift */,
			);
			path = Controllers;
			sourceTree = "<group>";
		};
		B090870620093E3E008A8CA0 /* Views */ = {
			isa = PBXGroup;
			children = (
				B0794EED200837FF00D172B3 /* LaunchScreen.storyboard */,
				B0794EE5200837FF00D172B3 /* Main.storyboard */,
				B090870320093DFD008A8CA0 /* CelebrityTableViewCell.swift */,
			);
			path = Views;
			sourceTree = "<group>";
		};
		B090870720093E49008A8CA0 /* APIs */ = {
			isa = PBXGroup;
			children = (
				B035951A200853A30003ED9B /* SightEngine.swift */,
				B0794F1220083BE300D172B3 /* ImageSearch.swift */,
			);
			path = APIs;
			sourceTree = "<group>";
		};
		B090870820093E5C008A8CA0 /* Helpers */ = {
			isa = PBXGroup;
			children = (
				B0794F14200846E600D172B3 /* Constants.swift */,
			);
			path = Helpers;
			sourceTree = "<group>";
		};
		B090870920093E74008A8CA0 /* Singletons */ = {
			isa = PBXGroup;
			children = (
				B0794EE1200837FF00D172B3 /* AppDelegate.swift */,
			);
			path = Singletons;
			sourceTree = "<group>";
		};
/* End PBXGroup section */

/* Begin PBXNativeTarget section */
		B0794EDD200837FF00D172B3 /* CelebrityLookAlikeDemo */ = {
			isa = PBXNativeTarget;
			buildConfigurationList = B0794F09200837FF00D172B3 /* Build configuration list for PBXNativeTarget "CelebrityLookAlikeDemo" */;
			buildPhases = (
				38A8629DB3893E4D193A4CBB /* [CP] Check Pods Manifest.lock */,
				B0794EDA200837FF00D172B3 /* Sources */,
				B0794EDB200837FF00D172B3 /* Frameworks */,
				B0794EDC200837FF00D172B3 /* Resources */,
				1206901B93C976191808015D /* [CP] Embed Pods Frameworks */,
				199F3A0C0C84F36F427BB343 /* [CP] Copy Pods Resources */,
			);
			buildRules = (
			);
			dependencies = (
			);
			name = CelebrityLookAlikeDemo;
			productName = CelebrityLookAlikeDemo;
			productReference = B0794EDE200837FF00D172B3 /* CelebrityLookAlikeDemo.app */;
			productType = "com.apple.product-type.application";
		};
		B0794EF4200837FF00D172B3 /* CelebrityLookAlikeDemoTests */ = {
			isa = PBXNativeTarget;
			buildConfigurationList = B0794F0C200837FF00D172B3 /* Build configuration list for PBXNativeTarget "CelebrityLookAlikeDemoTests" */;
			buildPhases = (
				2B673BCFCFA0D92A3A042747 /* [CP] Check Pods Manifest.lock */,
				B0794EF1200837FF00D172B3 /* Sources */,
				B0794EF2200837FF00D172B3 /* Frameworks */,
				B0794EF3200837FF00D172B3 /* Resources */,
				0E700C977273B52E9CCA8B43 /* [CP] Embed Pods Frameworks */,
				E1C09903D5D87E238314945D /* [CP] Copy Pods Resources */,
			);
			buildRules = (
			);
			dependencies = (
				B0794EF7200837FF00D172B3 /* PBXTargetDependency */,
			);
			name = CelebrityLookAlikeDemoTests;
			productName = CelebrityLookAlikeDemoTests;
			productReference = B0794EF5200837FF00D172B3 /* CelebrityLookAlikeDemoTests.xctest */;
			productType = "com.apple.product-type.bundle.unit-test";
		};
		B0794EFF200837FF00D172B3 /* CelebrityLookAlikeDemoUITests */ = {
			isa = PBXNativeTarget;
			buildConfigurationList = B0794F0F200837FF00D172B3 /* Build configuration list for PBXNativeTarget "CelebrityLookAlikeDemoUITests" */;
			buildPhases = (
				27FB83E565B700F2E396655D /* [CP] Check Pods Manifest.lock */,
				B0794EFC200837FF00D172B3 /* Sources */,
				B0794EFD200837FF00D172B3 /* Frameworks */,
				B0794EFE200837FF00D172B3 /* Resources */,
				954D09A2DCB1A308C4D10C47 /* [CP] Embed Pods Frameworks */,
				592631229771FB132062E8BA /* [CP] Copy Pods Resources */,
			);
			buildRules = (
			);
			dependencies = (
				B0794F02200837FF00D172B3 /* PBXTargetDependency */,
			);
			name = CelebrityLookAlikeDemoUITests;
			productName = CelebrityLookAlikeDemoUITests;
			productReference = B0794F00200837FF00D172B3 /* CelebrityLookAlikeDemoUITests.xctest */;
			productType = "com.apple.product-type.bundle.ui-testing";
		};
/* End PBXNativeTarget section */

/* Begin PBXProject section */
		B0794ED6200837FF00D172B3 /* Project object */ = {
			isa = PBXProject;
			attributes = {
				LastSwiftUpdateCheck = 0920;
				LastUpgradeCheck = 0920;
				ORGANIZATIONNAME = Knock;
				TargetAttributes = {
					B0794EDD200837FF00D172B3 = {
						CreatedOnToolsVersion = 9.2;
						ProvisioningStyle = Automatic;
					};
					B0794EF4200837FF00D172B3 = {
						CreatedOnToolsVersion = 9.2;
						ProvisioningStyle = Automatic;
						TestTargetID = B0794EDD200837FF00D172B3;
					};
					B0794EFF200837FF00D172B3 = {
						CreatedOnToolsVersion = 9.2;
						ProvisioningStyle = Automatic;
						TestTargetID = B0794EDD200837FF00D172B3;
					};
				};
			};
			buildConfigurationList = B0794ED9200837FF00D172B3 /* Build configuration list for PBXProject "CelebrityLookAlikeDemo" */;
			compatibilityVersion = "Xcode 8.0";
			developmentRegion = en;
			hasScannedForEncodings = 0;
			knownRegions = (
				en,
				Base,
			);
			mainGroup = B0794ED5200837FF00D172B3;
			productRefGroup = B0794EDF200837FF00D172B3 /* Products */;
			projectDirPath = "";
			projectRoot = "";
			targets = (
				B0794EDD200837FF00D172B3 /* CelebrityLookAlikeDemo */,
				B0794EF4200837FF00D172B3 /* CelebrityLookAlikeDemoTests */,
				B0794EFF200837FF00D172B3 /* CelebrityLookAlikeDemoUITests */,
			);
		};
/* End PBXProject section */

/* Begin PBXResourcesBuildPhase section */
		B0794EDC200837FF00D172B3 /* Resources */ = {
			isa = PBXResourcesBuildPhase;
			buildActionMask = 2147483647;
			files = (
				B0794EEF200837FF00D172B3 /* LaunchScreen.storyboard in Resources */,
				B0794EEC200837FF00D172B3 /* Assets.xcassets in Resources */,
				B0794EE7200837FF00D172B3 /* Main.storyboard in Resources */,
			);
			runOnlyForDeploymentPostprocessing = 0;
		};
		B0794EF3200837FF00D172B3 /* Resources */ = {
			isa = PBXResourcesBuildPhase;
			buildActionMask = 2147483647;
			files = (
			);
			runOnlyForDeploymentPostprocessing = 0;
		};
		B0794EFE200837FF00D172B3 /* Resources */ = {
			isa = PBXResourcesBuildPhase;
			buildActionMask = 2147483647;
			files = (
			);
			runOnlyForDeploymentPostprocessing = 0;
		};
/* End PBXResourcesBuildPhase section */

/* Begin PBXShellScriptBuildPhase section */
		0E700C977273B52E9CCA8B43 /* [CP] Embed Pods Frameworks */ = {
			isa = PBXShellScriptBuildPhase;
			buildActionMask = 2147483647;
			files = (
			);
			inputPaths = (
			);
			name = "[CP] Embed Pods Frameworks";
			outputPaths = (
			);
			runOnlyForDeploymentPostprocessing = 0;
			shellPath = /bin/sh;
			shellScript = "\"${SRCROOT}/Pods/Target Support Files/Pods-CelebrityLookAlikeDemoTests/Pods-CelebrityLookAlikeDemoTests-frameworks.sh\"\n";
			showEnvVarsInLog = 0;
		};
		1206901B93C976191808015D /* [CP] Embed Pods Frameworks */ = {
			isa = PBXShellScriptBuildPhase;
			buildActionMask = 2147483647;
			files = (
			);
			inputPaths = (
				"${SRCROOT}/Pods/Target Support Files/Pods-CelebrityLookAlikeDemo/Pods-CelebrityLookAlikeDemo-frameworks.sh",
				"${BUILT_PRODUCTS_DIR}/Alamofire/Alamofire.framework",
				"${BUILT_PRODUCTS_DIR}/AlamofireImage/AlamofireImage.framework",
			);
			name = "[CP] Embed Pods Frameworks";
			outputPaths = (
				"${TARGET_BUILD_DIR}/${FRAMEWORKS_FOLDER_PATH}/Alamofire.framework",
				"${TARGET_BUILD_DIR}/${FRAMEWORKS_FOLDER_PATH}/AlamofireImage.framework",
			);
			runOnlyForDeploymentPostprocessing = 0;
			shellPath = /bin/sh;
			shellScript = "\"${SRCROOT}/Pods/Target Support Files/Pods-CelebrityLookAlikeDemo/Pods-CelebrityLookAlikeDemo-frameworks.sh\"\n";
			showEnvVarsInLog = 0;
		};
		199F3A0C0C84F36F427BB343 /* [CP] Copy Pods Resources */ = {
			isa = PBXShellScriptBuildPhase;
			buildActionMask = 2147483647;
			files = (
			);
			inputPaths = (
			);
			name = "[CP] Copy Pods Resources";
			outputPaths = (
			);
			runOnlyForDeploymentPostprocessing = 0;
			shellPath = /bin/sh;
			shellScript = "\"${SRCROOT}/Pods/Target Support Files/Pods-CelebrityLookAlikeDemo/Pods-CelebrityLookAlikeDemo-resources.sh\"\n";
			showEnvVarsInLog = 0;
		};
		27FB83E565B700F2E396655D /* [CP] Check Pods Manifest.lock */ = {
			isa = PBXShellScriptBuildPhase;
			buildActionMask = 2147483647;
			files = (
			);
			inputPaths = (
				"${PODS_PODFILE_DIR_PATH}/Podfile.lock",
				"${PODS_ROOT}/Manifest.lock",
			);
			name = "[CP] Check Pods Manifest.lock";
			outputPaths = (
				"$(DERIVED_FILE_DIR)/Pods-CelebrityLookAlikeDemoUITests-checkManifestLockResult.txt",
			);
			runOnlyForDeploymentPostprocessing = 0;
			shellPath = /bin/sh;
			shellScript = "diff \"${PODS_PODFILE_DIR_PATH}/Podfile.lock\" \"${PODS_ROOT}/Manifest.lock\" > /dev/null\nif [ $? != 0 ] ; then\n    # print error to STDERR\n    echo \"error: The sandbox is not in sync with the Podfile.lock. Run 'pod install' or update your CocoaPods installation.\" >&2\n    exit 1\nfi\n# This output is used by Xcode 'outputs' to avoid re-running this script phase.\necho \"SUCCESS\" > \"${SCRIPT_OUTPUT_FILE_0}\"\n";
			showEnvVarsInLog = 0;
		};
		2B673BCFCFA0D92A3A042747 /* [CP] Check Pods Manifest.lock */ = {
			isa = PBXShellScriptBuildPhase;
			buildActionMask = 2147483647;
			files = (
			);
			inputPaths = (
				"${PODS_PODFILE_DIR_PATH}/Podfile.lock",
				"${PODS_ROOT}/Manifest.lock",
			);
			name = "[CP] Check Pods Manifest.lock";
			outputPaths = (
				"$(DERIVED_FILE_DIR)/Pods-CelebrityLookAlikeDemoTests-checkManifestLockResult.txt",
			);
			runOnlyForDeploymentPostprocessing = 0;
			shellPath = /bin/sh;
			shellScript = "diff \"${PODS_PODFILE_DIR_PATH}/Podfile.lock\" \"${PODS_ROOT}/Manifest.lock\" > /dev/null\nif [ $? != 0 ] ; then\n    # print error to STDERR\n    echo \"error: The sandbox is not in sync with the Podfile.lock. Run 'pod install' or update your CocoaPods installation.\" >&2\n    exit 1\nfi\n# This output is used by Xcode 'outputs' to avoid re-running this script phase.\necho \"SUCCESS\" > \"${SCRIPT_OUTPUT_FILE_0}\"\n";
			showEnvVarsInLog = 0;
		};
		38A8629DB3893E4D193A4CBB /* [CP] Check Pods Manifest.lock */ = {
			isa = PBXShellScriptBuildPhase;
			buildActionMask = 2147483647;
			files = (
			);
			inputPaths = (
				"${PODS_PODFILE_DIR_PATH}/Podfile.lock",
				"${PODS_ROOT}/Manifest.lock",
			);
			name = "[CP] Check Pods Manifest.lock";
			outputPaths = (
				"$(DERIVED_FILE_DIR)/Pods-CelebrityLookAlikeDemo-checkManifestLockResult.txt",
			);
			runOnlyForDeploymentPostprocessing = 0;
			shellPath = /bin/sh;
			shellScript = "diff \"${PODS_PODFILE_DIR_PATH}/Podfile.lock\" \"${PODS_ROOT}/Manifest.lock\" > /dev/null\nif [ $? != 0 ] ; then\n    # print error to STDERR\n    echo \"error: The sandbox is not in sync with the Podfile.lock. Run 'pod install' or update your CocoaPods installation.\" >&2\n    exit 1\nfi\n# This output is used by Xcode 'outputs' to avoid re-running this script phase.\necho \"SUCCESS\" > \"${SCRIPT_OUTPUT_FILE_0}\"\n";
			showEnvVarsInLog = 0;
		};
		592631229771FB132062E8BA /* [CP] Copy Pods Resources */ = {
			isa = PBXShellScriptBuildPhase;
			buildActionMask = 2147483647;
			files = (
			);
			inputPaths = (
			);
			name = "[CP] Copy Pods Resources";
			outputPaths = (
			);
			runOnlyForDeploymentPostprocessing = 0;
			shellPath = /bin/sh;
			shellScript = "\"${SRCROOT}/Pods/Target Support Files/Pods-CelebrityLookAlikeDemoUITests/Pods-CelebrityLookAlikeDemoUITests-resources.sh\"\n";
			showEnvVarsInLog = 0;
		};
		954D09A2DCB1A308C4D10C47 /* [CP] Embed Pods Frameworks */ = {
			isa = PBXShellScriptBuildPhase;
			buildActionMask = 2147483647;
			files = (
			);
			inputPaths = (
			);
			name = "[CP] Embed Pods Frameworks";
			outputPaths = (
			);
			runOnlyForDeploymentPostprocessing = 0;
			shellPath = /bin/sh;
			shellScript = "\"${SRCROOT}/Pods/Target Support Files/Pods-CelebrityLookAlikeDemoUITests/Pods-CelebrityLookAlikeDemoUITests-frameworks.sh\"\n";
			showEnvVarsInLog = 0;
		};
		E1C09903D5D87E238314945D /* [CP] Copy Pods Resources */ = {
			isa = PBXShellScriptBuildPhase;
			buildActionMask = 2147483647;
			files = (
			);
			inputPaths = (
			);
			name = "[CP] Copy Pods Resources";
			outputPaths = (
			);
			runOnlyForDeploymentPostprocessing = 0;
			shellPath = /bin/sh;
			shellScript = "\"${SRCROOT}/Pods/Target Support Files/Pods-CelebrityLookAlikeDemoTests/Pods-CelebrityLookAlikeDemoTests-resources.sh\"\n";
			showEnvVarsInLog = 0;
		};
/* End PBXShellScriptBuildPhase section */

/* Begin PBXSourcesBuildPhase section */
		B0794EDA200837FF00D172B3 /* Sources */ = {
			isa = PBXSourcesBuildPhase;
			buildActionMask = 2147483647;
			files = (
				B0794F15200846E600D172B3 /* Constants.swift in Sources */,
				B0794EE4200837FF00D172B3 /* ViewController.swift in Sources */,
				B0794F1320083BE300D172B3 /* ImageSearch.swift in Sources */,
				B090870B2009488A008A8CA0 /* DetailsViewController.swift in Sources */,
				B090870420093DFD008A8CA0 /* CelebrityTableViewCell.swift in Sources */,
				B0794EE2200837FF00D172B3 /* AppDelegate.swift in Sources */,
				B0794EEA200837FF00D172B3 /* CelebrityLookAlikeDemo.xcdatamodeld in Sources */,
				B035951B200853A30003ED9B /* SightEngine.swift in Sources */,
			);
			runOnlyForDeploymentPostprocessing = 0;
		};
		B0794EF1200837FF00D172B3 /* Sources */ = {
			isa = PBXSourcesBuildPhase;
			buildActionMask = 2147483647;
			files = (
				B0794EFA200837FF00D172B3 /* CelebrityLookAlikeDemoTests.swift in Sources */,
			);
			runOnlyForDeploymentPostprocessing = 0;
		};
		B0794EFC200837FF00D172B3 /* Sources */ = {
			isa = PBXSourcesBuildPhase;
			buildActionMask = 2147483647;
			files = (
				B0794F05200837FF00D172B3 /* CelebrityLookAlikeDemoUITests.swift in Sources */,
			);
			runOnlyForDeploymentPostprocessing = 0;
		};
/* End PBXSourcesBuildPhase section */

/* Begin PBXTargetDependency section */
		B0794EF7200837FF00D172B3 /* PBXTargetDependency */ = {
			isa = PBXTargetDependency;
			target = B0794EDD200837FF00D172B3 /* CelebrityLookAlikeDemo */;
			targetProxy = B0794EF6200837FF00D172B3 /* PBXContainerItemProxy */;
		};
		B0794F02200837FF00D172B3 /* PBXTargetDependency */ = {
			isa = PBXTargetDependency;
			target = B0794EDD200837FF00D172B3 /* CelebrityLookAlikeDemo */;
			targetProxy = B0794F01200837FF00D172B3 /* PBXContainerItemProxy */;
		};
/* End PBXTargetDependency section */

/* Begin PBXVariantGroup section */
		B0794EE5200837FF00D172B3 /* Main.storyboard */ = {
			isa = PBXVariantGroup;
			children = (
				B0794EE6200837FF00D172B3 /* Base */,
			);
			name = Main.storyboard;
			sourceTree = "<group>";
		};
		B0794EED200837FF00D172B3 /* LaunchScreen.storyboard */ = {
			isa = PBXVariantGroup;
			children = (
				B0794EEE200837FF00D172B3 /* Base */,
			);
			name = LaunchScreen.storyboard;
			sourceTree = "<group>";
		};
/* End PBXVariantGroup section */

/* Begin XCBuildConfiguration section */
		B0794F07200837FF00D172B3 /* Debug */ = {
			isa = XCBuildConfiguration;
			buildSettings = {
				ALWAYS_SEARCH_USER_PATHS = NO;
				CLANG_ANALYZER_NONNULL = YES;
				CLANG_ANALYZER_NUMBER_OBJECT_CONVERSION = YES_AGGRESSIVE;
				CLANG_CXX_LANGUAGE_STANDARD = "gnu++14";
				CLANG_CXX_LIBRARY = "libc++";
				CLANG_ENABLE_MODULES = YES;
				CLANG_ENABLE_OBJC_ARC = YES;
				CLANG_WARN_BLOCK_CAPTURE_AUTORELEASING = YES;
				CLANG_WARN_BOOL_CONVERSION = YES;
				CLANG_WARN_COMMA = YES;
				CLANG_WARN_CONSTANT_CONVERSION = YES;
				CLANG_WARN_DIRECT_OBJC_ISA_USAGE = YES_ERROR;
				CLANG_WARN_DOCUMENTATION_COMMENTS = YES;
				CLANG_WARN_EMPTY_BODY = YES;
				CLANG_WARN_ENUM_CONVERSION = YES;
				CLANG_WARN_INFINITE_RECURSION = YES;
				CLANG_WARN_INT_CONVERSION = YES;
				CLANG_WARN_NON_LITERAL_NULL_CONVERSION = YES;
				CLANG_WARN_OBJC_LITERAL_CONVERSION = YES;
				CLANG_WARN_OBJC_ROOT_CLASS = YES_ERROR;
				CLANG_WARN_RANGE_LOOP_ANALYSIS = YES;
				CLANG_WARN_STRICT_PROTOTYPES = YES;
				CLANG_WARN_SUSPICIOUS_MOVE = YES;
				CLANG_WARN_UNGUARDED_AVAILABILITY = YES_AGGRESSIVE;
				CLANG_WARN_UNREACHABLE_CODE = YES;
				CLANG_WARN__DUPLICATE_METHOD_MATCH = YES;
				CODE_SIGN_IDENTITY = "iPhone Developer";
				COPY_PHASE_STRIP = NO;
				DEBUG_INFORMATION_FORMAT = dwarf;
				ENABLE_STRICT_OBJC_MSGSEND = YES;
				ENABLE_TESTABILITY = YES;
				GCC_C_LANGUAGE_STANDARD = gnu11;
				GCC_DYNAMIC_NO_PIC = NO;
				GCC_NO_COMMON_BLOCKS = YES;
				GCC_OPTIMIZATION_LEVEL = 0;
				GCC_PREPROCESSOR_DEFINITIONS = (
					"DEBUG=1",
					"$(inherited)",
				);
				GCC_WARN_64_TO_32_BIT_CONVERSION = YES;
				GCC_WARN_ABOUT_RETURN_TYPE = YES_ERROR;
				GCC_WARN_UNDECLARED_SELECTOR = YES;
				GCC_WARN_UNINITIALIZED_AUTOS = YES_AGGRESSIVE;
				GCC_WARN_UNUSED_FUNCTION = YES;
				GCC_WARN_UNUSED_VARIABLE = YES;
				IPHONEOS_DEPLOYMENT_TARGET = 11.2;
				MTL_ENABLE_DEBUG_INFO = YES;
				ONLY_ACTIVE_ARCH = YES;
				SDKROOT = iphoneos;
				SWIFT_ACTIVE_COMPILATION_CONDITIONS = DEBUG;
				SWIFT_OPTIMIZATION_LEVEL = "-Onone";
			};
			name = Debug;
		};
		B0794F08200837FF00D172B3 /* Release */ = {
			isa = XCBuildConfiguration;
			buildSettings = {
				ALWAYS_SEARCH_USER_PATHS = NO;
				CLANG_ANALYZER_NONNULL = YES;
				CLANG_ANALYZER_NUMBER_OBJECT_CONVERSION = YES_AGGRESSIVE;
				CLANG_CXX_LANGUAGE_STANDARD = "gnu++14";
				CLANG_CXX_LIBRARY = "libc++";
				CLANG_ENABLE_MODULES = YES;
				CLANG_ENABLE_OBJC_ARC = YES;
				CLANG_WARN_BLOCK_CAPTURE_AUTORELEASING = YES;
				CLANG_WARN_BOOL_CONVERSION = YES;
				CLANG_WARN_COMMA = YES;
				CLANG_WARN_CONSTANT_CONVERSION = YES;
				CLANG_WARN_DIRECT_OBJC_ISA_USAGE = YES_ERROR;
				CLANG_WARN_DOCUMENTATION_COMMENTS = YES;
				CLANG_WARN_EMPTY_BODY = YES;
				CLANG_WARN_ENUM_CONVERSION = YES;
				CLANG_WARN_INFINITE_RECURSION = YES;
				CLANG_WARN_INT_CONVERSION = YES;
				CLANG_WARN_NON_LITERAL_NULL_CONVERSION = YES;
				CLANG_WARN_OBJC_LITERAL_CONVERSION = YES;
				CLANG_WARN_OBJC_ROOT_CLASS = YES_ERROR;
				CLANG_WARN_RANGE_LOOP_ANALYSIS = YES;
				CLANG_WARN_STRICT_PROTOTYPES = YES;
				CLANG_WARN_SUSPICIOUS_MOVE = YES;
				CLANG_WARN_UNGUARDED_AVAILABILITY = YES_AGGRESSIVE;
				CLANG_WARN_UNREACHABLE_CODE = YES;
				CLANG_WARN__DUPLICATE_METHOD_MATCH = YES;
				CODE_SIGN_IDENTITY = "iPhone Developer";
				COPY_PHASE_STRIP = NO;
				DEBUG_INFORMATION_FORMAT = "dwarf-with-dsym";
				ENABLE_NS_ASSERTIONS = NO;
				ENABLE_STRICT_OBJC_MSGSEND = YES;
				GCC_C_LANGUAGE_STANDARD = gnu11;
				GCC_NO_COMMON_BLOCKS = YES;
				GCC_WARN_64_TO_32_BIT_CONVERSION = YES;
				GCC_WARN_ABOUT_RETURN_TYPE = YES_ERROR;
				GCC_WARN_UNDECLARED_SELECTOR = YES;
				GCC_WARN_UNINITIALIZED_AUTOS = YES_AGGRESSIVE;
				GCC_WARN_UNUSED_FUNCTION = YES;
				GCC_WARN_UNUSED_VARIABLE = YES;
				IPHONEOS_DEPLOYMENT_TARGET = 11.2;
				MTL_ENABLE_DEBUG_INFO = NO;
				SDKROOT = iphoneos;
				SWIFT_OPTIMIZATION_LEVEL = "-Owholemodule";
				VALIDATE_PRODUCT = YES;
			};
			name = Release;
		};
		B0794F0A200837FF00D172B3 /* Debug */ = {
			isa = XCBuildConfiguration;
			baseConfigurationReference = 8B2116E30A74F4B648145F6A /* Pods-CelebrityLookAlikeDemo.debug.xcconfig */;
			buildSettings = {
				ASSETCATALOG_COMPILER_APPICON_NAME = AppIcon;
				CODE_SIGN_STYLE = Automatic;
				DEVELOPMENT_TEAM = 73E8XBAH3Q;
				INFOPLIST_FILE = CelebrityLookAlikeDemo/Info.plist;
				LD_RUNPATH_SEARCH_PATHS = "$(inherited) @executable_path/Frameworks";
				PRODUCT_BUNDLE_IDENTIFIER = knock.CelebrityLookAlikeDemo;
				PRODUCT_NAME = "$(TARGET_NAME)";
				SWIFT_VERSION = 4.0;
				TARGETED_DEVICE_FAMILY = "1,2";
			};
			name = Debug;
		};
		B0794F0B200837FF00D172B3 /* Release */ = {
			isa = XCBuildConfiguration;
			baseConfigurationReference = 6FF21D936CDACEEBB30880BE /* Pods-CelebrityLookAlikeDemo.release.xcconfig */;
			buildSettings = {
				ASSETCATALOG_COMPILER_APPICON_NAME = AppIcon;
				CODE_SIGN_STYLE = Automatic;
				DEVELOPMENT_TEAM = 73E8XBAH3Q;
				INFOPLIST_FILE = CelebrityLookAlikeDemo/Info.plist;
				LD_RUNPATH_SEARCH_PATHS = "$(inherited) @executable_path/Frameworks";
				PRODUCT_BUNDLE_IDENTIFIER = knock.CelebrityLookAlikeDemo;
				PRODUCT_NAME = "$(TARGET_NAME)";
				SWIFT_VERSION = 4.0;
				TARGETED_DEVICE_FAMILY = "1,2";
			};
			name = Release;
		};
		B0794F0D200837FF00D172B3 /* Debug */ = {
			isa = XCBuildConfiguration;
			baseConfigurationReference = DDE19889DCE86E2964DE9428 /* Pods-CelebrityLookAlikeDemoTests.debug.xcconfig */;
			buildSettings = {
				ALWAYS_EMBED_SWIFT_STANDARD_LIBRARIES = YES;
				BUNDLE_LOADER = "$(TEST_HOST)";
				CODE_SIGN_STYLE = Automatic;
				DEVELOPMENT_TEAM = 73E8XBAH3Q;
				INFOPLIST_FILE = CelebrityLookAlikeDemoTests/Info.plist;
				LD_RUNPATH_SEARCH_PATHS = "$(inherited) @executable_path/Frameworks @loader_path/Frameworks";
				PRODUCT_BUNDLE_IDENTIFIER = knock.CelebrityLookAlikeDemoTests;
				PRODUCT_NAME = "$(TARGET_NAME)";
				SWIFT_VERSION = 4.0;
				TARGETED_DEVICE_FAMILY = "1,2";
				TEST_HOST = "$(BUILT_PRODUCTS_DIR)/CelebrityLookAlikeDemo.app/CelebrityLookAlikeDemo";
			};
			name = Debug;
		};
		B0794F0E200837FF00D172B3 /* Release */ = {
			isa = XCBuildConfiguration;
			baseConfigurationReference = 08E5461897EA08D6A2A9B8BE /* Pods-CelebrityLookAlikeDemoTests.release.xcconfig */;
			buildSettings = {
				ALWAYS_EMBED_SWIFT_STANDARD_LIBRARIES = YES;
				BUNDLE_LOADER = "$(TEST_HOST)";
				CODE_SIGN_STYLE = Automatic;
				DEVELOPMENT_TEAM = 73E8XBAH3Q;
				INFOPLIST_FILE = CelebrityLookAlikeDemoTests/Info.plist;
				LD_RUNPATH_SEARCH_PATHS = "$(inherited) @executable_path/Frameworks @loader_path/Frameworks";
				PRODUCT_BUNDLE_IDENTIFIER = knock.CelebrityLookAlikeDemoTests;
				PRODUCT_NAME = "$(TARGET_NAME)";
				SWIFT_VERSION = 4.0;
				TARGETED_DEVICE_FAMILY = "1,2";
				TEST_HOST = "$(BUILT_PRODUCTS_DIR)/CelebrityLookAlikeDemo.app/CelebrityLookAlikeDemo";
			};
			name = Release;
		};
		B0794F10200837FF00D172B3 /* Debug */ = {
			isa = XCBuildConfiguration;
			baseConfigurationReference = AEE46182053BB3F1B8B84D7B /* Pods-CelebrityLookAlikeDemoUITests.debug.xcconfig */;
			buildSettings = {
				ALWAYS_EMBED_SWIFT_STANDARD_LIBRARIES = YES;
				CODE_SIGN_STYLE = Automatic;
				DEVELOPMENT_TEAM = 73E8XBAH3Q;
				INFOPLIST_FILE = CelebrityLookAlikeDemoUITests/Info.plist;
				LD_RUNPATH_SEARCH_PATHS = "$(inherited) @executable_path/Frameworks @loader_path/Frameworks";
				PRODUCT_BUNDLE_IDENTIFIER = knock.CelebrityLookAlikeDemoUITests;
				PRODUCT_NAME = "$(TARGET_NAME)";
				SWIFT_VERSION = 4.0;
				TARGETED_DEVICE_FAMILY = "1,2";
				TEST_TARGET_NAME = CelebrityLookAlikeDemo;
			};
			name = Debug;
		};
		B0794F11200837FF00D172B3 /* Release */ = {
			isa = XCBuildConfiguration;
			baseConfigurationReference = 11A670F38F83EBC4779F277A /* Pods-CelebrityLookAlikeDemoUITests.release.xcconfig */;
			buildSettings = {
				ALWAYS_EMBED_SWIFT_STANDARD_LIBRARIES = YES;
				CODE_SIGN_STYLE = Automatic;
				DEVELOPMENT_TEAM = 73E8XBAH3Q;
				INFOPLIST_FILE = CelebrityLookAlikeDemoUITests/Info.plist;
				LD_RUNPATH_SEARCH_PATHS = "$(inherited) @executable_path/Frameworks @loader_path/Frameworks";
				PRODUCT_BUNDLE_IDENTIFIER = knock.CelebrityLookAlikeDemoUITests;
				PRODUCT_NAME = "$(TARGET_NAME)";
				SWIFT_VERSION = 4.0;
				TARGETED_DEVICE_FAMILY = "1,2";
				TEST_TARGET_NAME = CelebrityLookAlikeDemo;
			};
			name = Release;
		};
/* End XCBuildConfiguration section */

/* Begin XCConfigurationList section */
		B0794ED9200837FF00D172B3 /* Build configuration list for PBXProject "CelebrityLookAlikeDemo" */ = {
			isa = XCConfigurationList;
			buildConfigurations = (
				B0794F07200837FF00D172B3 /* Debug */,
				B0794F08200837FF00D172B3 /* Release */,
			);
			defaultConfigurationIsVisible = 0;
			defaultConfigurationName = Release;
		};
		B0794F09200837FF00D172B3 /* Build configuration list for PBXNativeTarget "CelebrityLookAlikeDemo" */ = {
			isa = XCConfigurationList;
			buildConfigurations = (
				B0794F0A200837FF00D172B3 /* Debug */,
				B0794F0B200837FF00D172B3 /* Release */,
			);
			defaultConfigurationIsVisible = 0;
			defaultConfigurationName = Release;
		};
		B0794F0C200837FF00D172B3 /* Build configuration list for PBXNativeTarget "CelebrityLookAlikeDemoTests" */ = {
			isa = XCConfigurationList;
			buildConfigurations = (
				B0794F0D200837FF00D172B3 /* Debug */,
				B0794F0E200837FF00D172B3 /* Release */,
			);
			defaultConfigurationIsVisible = 0;
			defaultConfigurationName = Release;
		};
		B0794F0F200837FF00D172B3 /* Build configuration list for PBXNativeTarget "CelebrityLookAlikeDemoUITests" */ = {
			isa = XCConfigurationList;
			buildConfigurations = (
				B0794F10200837FF00D172B3 /* Debug */,
				B0794F11200837FF00D172B3 /* Release */,
			);
			defaultConfigurationIsVisible = 0;
			defaultConfigurationName = Release;
		};
/* End XCConfigurationList section */

/* Begin XCVersionGroup section */
		B0794EE8200837FF00D172B3 /* CelebrityLookAlikeDemo.xcdatamodeld */ = {
			isa = XCVersionGroup;
			children = (
				B0794EE9200837FF00D172B3 /* CelebrityLookAlikeDemo.xcdatamodel */,
			);
			currentVersion = B0794EE9200837FF00D172B3 /* CelebrityLookAlikeDemo.xcdatamodel */;
			path = CelebrityLookAlikeDemo.xcdatamodeld;
			sourceTree = "<group>";
			versionGroupType = wrapper.xcdatamodel;
		};
/* End XCVersionGroup section */
	};
	rootObject = B0794ED6200837FF00D172B3 /* Project object */;
}
